# This file is automatically @generated by Cargo.
# It is not intended for manual editing.
version = 3

[[package]]
name = "enarx-exec-wasmldr"
version = "0.1.0"
dependencies = [
 "enarx-test-wasm",
]

[[package]]
name = "enarx-run"
version = "0.1.0"
dependencies = [
 "enarx-exec-wasmldr",
 "enarx-shim-kvm",
 "enarx-shim-sgx",
]

[[package]]
name = "enarx-shim-kvm"
version = "0.1.0"

[[package]]
name = "enarx-shim-sgx"
version = "0.1.0"

[[package]]
name = "enarx-test-wasm"
version = "0.1.0"
